# This file is autogenerated, do not edit; changes may be undone by the next 'dep ensure'.


[[projects]]
  branch = "master"
  name = "github.com/cockroachdb/apd"
  packages = ["."]
  revision = "f03b0011b0efc3437be20fa3979ae89082de8861"

[[projects]]
  branch = "master"
  name = "github.com/hooklift/gowsdl"
  packages = ["generator"]
  revision = "058d360d9c1a25579ff03de5bb6d523afec204d3"

[[projects]]
  name = "github.com/mattn/go-colorable"
  packages = ["."]
  revision = "167de6bfdfba052fa6b2d3664c8f5272e23c9072"
  version = "v0.0.9"

[[projects]]
  name = "github.com/mattn/go-isatty"
  packages = ["."]
  revision = "fc9e8d8ef48496124e79ae0df75490096eccf6fe"
  version = "v0.0.2"

[[projects]]
  name = "github.com/pkg/errors"
  packages = ["."]
  revision = "645ef00459ed84a119197bfb8d8205042c6df63d"
  version = "v0.8.0"

[[projects]]
  branch = "master"
  name = "golang.org/x/sys"
  packages = ["unix"]
  revision = "2d6f6f883a06fc0d5f4b14a81e4c28705ea64c15"

[[projects]]
  name = "gopkg.in/inconshreveable/log15.v2"
  packages = [".","stack","term"]
  revision = "b105bd37f74e5d9dc7b6ad7806715c7a2b83fd3f"
  version = "v2.11"

[solve-meta]
  analyzer-name = "dep"
  analyzer-version = 1
  inputs-digest = "9600073c41040c1fe68d88addb737e80fb9a712ec8f51b9c2f6ab9895c470799"
  solver-name = "gps-cdcl"
  solver-version = 1
